
Microsoft Visual Studio Solution File, Format Version 12.00
# Visual Studio Version 17
VisualStudioVersion = 17.1.32421.90
MinimumVisualStudioVersion = 10.0.40219.1
Project("{F184B08F-C81C-45F6-A57F-5ABD9991F28F}") = "SimtraUser", "SimtraUser.vbproj", "{E6FBDEA6-03F7-4C8E-A4CE-DA80902F1B6A}"
EndProject
Global
	GlobalSection(SolutionConfigurationPlatforms) = preSolution
		Debug|Any CPU = Debug|Any CPU
		Release|Any CPU = Release|Any CPU
	EndGlobalSection
	GlobalSection(ProjectConfigurationPlatforms) = postSolution
		{E6FBDEA6-03F7-4C8E-A4CE-DA80902F1B6A}.Debug|Any CPU.ActiveCfg = Debug|Any CPU
		{E6FBDEA6-03F7-4C8E-A4CE-DA80902F1B6A}.Debug|Any CPU.Build.0 = Debug|Any CPU
		{E6FBDEA6-03F7-4C8E-A4CE-DA80902F1B6A}.Release|Any CPU.ActiveCfg = Release|Any CPU
		{E6FBDEA6-03F7-4C8E-A4CE-DA80902F1B6A}.Release|Any CPU.Build.0 = Release|Any CPU
	EndGlobalSection
	GlobalSection(SolutionProperties) = preSolution
		HideSolutionNode = FALSE
	EndGlobalSection
	GlobalSection(ExtensibilityGlobals) = postSolution
		SolutionGuid = {4D92125D-7981-4D26-ABAE-6DA12FDE0CCC}
	EndGlobalSection
EndGlobal
